
Microsoft Visual Studio Solution File, Format Version 12.00
# Visual Studio 15
VisualStudioVersion = 15.0.27130.2010
MinimumVisualStudioVersion = 10.0.40219.1
Project("{FAE04EC0-301F-11D3-BF4B-00C04F79EFBC}") = "Vreme", "Vreme\Vreme.csproj", "{0BAF4DE5-4F4B-49B1-84BC-E59402031DA1}"
EndProject
Global
	GlobalSection(SolutionConfigurationPlatforms) = preSolution
		Debug|Any CPU = Debug|Any CPU
		Release|Any CPU = Release|Any CPU
	EndGlobalSection
	GlobalSection(ProjectConfigurationPlatforms) = postSolution
		{0BAF4DE5-4F4B-49B1-84BC-E59402031DA1}.Debug|Any CPU.ActiveCfg = Debug|Any CPU
		{0BAF4DE5-4F4B-49B1-84BC-E59402031DA1}.Debug|Any CPU.Build.0 = Debug|Any CPU
		{0BAF4DE5-4F4B-49B1-84BC-E59402031DA1}.Release|Any CPU.ActiveCfg = Release|Any CPU
		{0BAF4DE5-4F4B-49B1-84BC-E59402031DA1}.Release|Any CPU.Build.0 = Release|Any CPU
	EndGlobalSection
	GlobalSection(SolutionProperties) = preSolution
		HideSolutionNode = FALSE
	EndGlobalSection
	GlobalSection(ExtensibilityGlobals) = postSolution
		SolutionGuid = {35803098-C1A1-4CB1-B1F0-B89198034AE4}
	EndGlobalSection
EndGlobal
